// !$*UTF8*$!
{
	archiveVersion = 1;
	classes = {
	};
	objectVersion = 55;
	objects = {

/* Begin PBXBuildFile section */
		6E79FF5928D3472E00062A0B /* AppDelegate.swift in Sources */ = {isa = PBXBuildFile; fileRef = 6E79FF5828D3472E00062A0B /* AppDelegate.swift */; };
		6E79FF5B28D3472E00062A0B /* SceneDelegate.swift in Sources */ = {isa = PBXBuildFile; fileRef = 6E79FF5A28D3472E00062A0B /* SceneDelegate.swift */; };
		6E79FF6528D3472F00062A0B /* Assets.xcassets in Resources */ = {isa = PBXBuildFile; fileRef = 6E79FF6428D3472F00062A0B /* Assets.xcassets */; };
		6E79FF6828D3472F00062A0B /* LaunchScreen.storyboard in Resources */ = {isa = PBXBuildFile; fileRef = 6E79FF6628D3472F00062A0B /* LaunchScreen.storyboard */; };
		6E79FF7428D486C800062A0B /* -Constants.swift in Sources */ = {isa = PBXBuildFile; fileRef = 6E79FF7328D486C800062A0B /* -Constants.swift */; };
		6E79FF9028DEAB8600062A0B /* WeatherUIKit.h in Headers */ = {isa = PBXBuildFile; fileRef = 6E79FF8F28DEAB8600062A0B /* WeatherUIKit.h */; settings = {ATTRIBUTES = (Public, ); }; };
		6E79FF9328DEAB8600062A0B /* WeatherUIKit.framework in Frameworks */ = {isa = PBXBuildFile; fileRef = 6E79FF8D28DEAB8600062A0B /* WeatherUIKit.framework */; };
		6E79FF9428DEAB8600062A0B /* WeatherUIKit.framework in Embed Frameworks */ = {isa = PBXBuildFile; fileRef = 6E79FF8D28DEAB8600062A0B /* WeatherUIKit.framework */; settings = {ATTRIBUTES = (CodeSignOnCopy, RemoveHeadersOnCopy, ); }; };
		6E79FFA128DEABA300062A0B /* WeatherKit.h in Headers */ = {isa = PBXBuildFile; fileRef = 6E79FFA028DEABA300062A0B /* WeatherKit.h */; settings = {ATTRIBUTES = (Public, ); }; };
		6E79FFA428DEABA300062A0B /* WeatherKit.framework in Frameworks */ = {isa = PBXBuildFile; fileRef = 6E79FF9E28DEABA300062A0B /* WeatherKit.framework */; };
		6E79FFA528DEABA300062A0B /* WeatherKit.framework in Embed Frameworks */ = {isa = PBXBuildFile; fileRef = 6E79FF9E28DEABA300062A0B /* WeatherKit.framework */; settings = {ATTRIBUTES = (CodeSignOnCopy, RemoveHeadersOnCopy, ); }; };
		6E79FFA928DEABCE00062A0B /* MainViewController.swift in Sources */ = {isa = PBXBuildFile; fileRef = 6E79FF8428D5CFB400062A0B /* MainViewController.swift */; };
		6E79FFAA28DEABD300062A0B /* WeatherViewController.swift in Sources */ = {isa = PBXBuildFile; fileRef = 6E79FF8628D5D1D700062A0B /* WeatherViewController.swift */; };
		6E79FFAC28DEAC0000062A0B /* OnboardingViewController.swift in Sources */ = {isa = PBXBuildFile; fileRef = 6E79FF6F28D3481300062A0B /* OnboardingViewController.swift */; };
		6E79FFAD28DEAC0300062A0B /* OnboardingView.swift in Sources */ = {isa = PBXBuildFile; fileRef = 6E79FF7128D34C2F00062A0B /* OnboardingView.swift */; };
		6E79FFAF28DEAC1E00062A0B /* UIColor+.swift in Sources */ = {isa = PBXBuildFile; fileRef = 6E79FF7628D52DD800062A0B /* UIColor+.swift */; };
		6E79FFB028DEAC3400062A0B /* SettingsRow.swift in Sources */ = {isa = PBXBuildFile; fileRef = 6E79FF7C28D568D900062A0B /* SettingsRow.swift */; };
		6E79FFB128DEAC3800062A0B /* SettingsView.swift in Sources */ = {isa = PBXBuildFile; fileRef = 6E79FF7828D55BD700062A0B /* SettingsView.swift */; };
		6E79FFB228DEAC3D00062A0B /* SettingsViewController.swift in Sources */ = {isa = PBXBuildFile; fileRef = 6E79FF7A28D55BE300062A0B /* SettingsViewController.swift */; };
		6E79FFB328DEAC4700062A0B /* SettingsStorage.swift in Sources */ = {isa = PBXBuildFile; fileRef = 6E79FF8028D58C7800062A0B /* SettingsStorage.swift */; };
		6E79FFB428DEAC4700062A0B /* Settings.swift in Sources */ = {isa = PBXBuildFile; fileRef = 6E79FF7E28D585F900062A0B /* Settings.swift */; };
		6E79FFB528DEAC5900062A0B /* Weather.xcdatamodeld in Sources */ = {isa = PBXBuildFile; fileRef = 6E79FF6128D3472E00062A0B /* Weather.xcdatamodeld */; };
		6EE4426528DEB74A00681B37 /* APIConstants.swift in Sources */ = {isa = PBXBuildFile; fileRef = 6EE4425928DEB74A00681B37 /* APIConstants.swift */; };
		6EE4426628DEB74A00681B37 /* Parser.swift in Sources */ = {isa = PBXBuildFile; fileRef = 6EE4425B28DEB74A00681B37 /* Parser.swift */; };
		6EE4426728DEB74A00681B37 /* RequestManager.swift in Sources */ = {isa = PBXBuildFile; fileRef = 6EE4425D28DEB74A00681B37 /* RequestManager.swift */; };
		6EE4426828DEB74A00681B37 /* APIManager.swift in Sources */ = {isa = PBXBuildFile; fileRef = 6EE4425E28DEB74A00681B37 /* APIManager.swift */; };
		6EE4426928DEB74A00681B37 /* RequestProtocol .swift in Sources */ = {isa = PBXBuildFile; fileRef = 6EE4426028DEB74A00681B37 /* RequestProtocol .swift */; };
		6EE4426A28DEB74A00681B37 /* CurrentWeatherRequest.swift in Sources */ = {isa = PBXBuildFile; fileRef = 6EE4426228DEB74A00681B37 /* CurrentWeatherRequest.swift */; };
		6EE4426B28DEB74A00681B37 /* RequestType.swift in Sources */ = {isa = PBXBuildFile; fileRef = 6EE4426328DEB74A00681B37 /* RequestType.swift */; };
		6EE4426C28DEB74A00681B37 /* NetworkError.swift in Sources */ = {isa = PBXBuildFile; fileRef = 6EE4426428DEB74A00681B37 /* NetworkError.swift */; };
		6EE4427028DEBF5600681B37 /* WeatherViewModel.swift in Sources */ = {isa = PBXBuildFile; fileRef = 6EE4426F28DEBF5600681B37 /* WeatherViewModel.swift */; };
		6EE4427328DEC70300681B37 /* AppDependencyContainer.swift in Sources */ = {isa = PBXBuildFile; fileRef = 6EE4427228DEC70300681B37 /* AppDependencyContainer.swift */; };
		6EE4427528DEDFEB00681B37 /* WeatherDependencyContainer.swift in Sources */ = {isa = PBXBuildFile; fileRef = 6EE4427428DEDFEB00681B37 /* WeatherDependencyContainer.swift */; };
		6EE4427728DEE87B00681B37 /* MainViewModel.swift in Sources */ = {isa = PBXBuildFile; fileRef = 6EE4427628DEE87B00681B37 /* MainViewModel.swift */; };
		6EE4427A28DEE96400681B37 /* WeatherLocation.swift in Sources */ = {isa = PBXBuildFile; fileRef = 6EE4427928DEE96400681B37 /* WeatherLocation.swift */; };
		6EE4427D28DEF33A00681B37 /* CurrentWeatherViewCell.swift in Sources */ = {isa = PBXBuildFile; fileRef = 6EE4427C28DEF33A00681B37 /* CurrentWeatherViewCell.swift */; };
		6EE4427F28DEF68C00681B37 /* UIView+Extension.swift in Sources */ = {isa = PBXBuildFile; fileRef = 6EE4427E28DEF68C00681B37 /* UIView+Extension.swift */; };
		6EE4428128DEFAA200681B37 /* -Item.swift in Sources */ = {isa = PBXBuildFile; fileRef = 6EE4428028DEFAA200681B37 /* -Item.swift */; };
		6EE4428328DEFC2A00681B37 /* CurrentWeather.swift in Sources */ = {isa = PBXBuildFile; fileRef = 6EE4428228DEFC2A00681B37 /* CurrentWeather.swift */; };
		6EE4428528DEFC4D00681B37 /* HourWeather.swift in Sources */ = {isa = PBXBuildFile; fileRef = 6EE4428428DEFC4D00681B37 /* HourWeather.swift */; };
		6EE4428728DEFC6100681B37 /* DayWeather.swift in Sources */ = {isa = PBXBuildFile; fileRef = 6EE4428628DEFC6100681B37 /* DayWeather.swift */; };
		6EE4428A28DF290600681B37 /* WeatherRepository.swift in Sources */ = {isa = PBXBuildFile; fileRef = 6EE4428928DF290600681B37 /* WeatherRepository.swift */; };
		6EE4428D28DFEBCD00681B37 /* ErrorPresenter.swift in Sources */ = {isa = PBXBuildFile; fileRef = 6EE4428C28DFEBCD00681B37 /* ErrorPresenter.swift */; };
		A65265DAA17CD6BACAE074E3 /* Pods_Weather.framework in Frameworks */ = {isa = PBXBuildFile; fileRef = AE3AD611FE1C1A8E16BC777C /* Pods_Weather.framework */; };
		BFBD5DC0CFAFDA16F2A9B2E7 /* Pods_WeatherUIKit.framework in Frameworks */ = {isa = PBXBuildFile; fileRef = 24929342D232DB3C14F06941 /* Pods_WeatherUIKit.framework */; };
/* End PBXBuildFile section */

/* Begin PBXContainerItemProxy section */
		6E79FF9128DEAB8600062A0B /* PBXContainerItemProxy */ = {
			isa = PBXContainerItemProxy;
			containerPortal = 6E79FF4D28D3472E00062A0B /* Project object */;
			proxyType = 1;
			remoteGlobalIDString = 6E79FF8C28DEAB8600062A0B;
			remoteInfo = WeatherUIKit;
		};
		6E79FFA228DEABA300062A0B /* PBXContainerItemProxy */ = {
			isa = PBXContainerItemProxy;
			containerPortal = 6E79FF4D28D3472E00062A0B /* Project object */;
			proxyType = 1;
			remoteGlobalIDString = 6E79FF9D28DEABA300062A0B;
			remoteInfo = WeatherKit;
		};
/* End PBXContainerItemProxy section */

/* Begin PBXCopyFilesBuildPhase section */
		6E79FF9828DEAB8600062A0B /* Embed Frameworks */ = {
			isa = PBXCopyFilesBuildPhase;
			buildActionMask = 2147483647;
			dstPath = "";
			dstSubfolderSpec = 10;
			files = (
				6E79FFA528DEABA300062A0B /* WeatherKit.framework in Embed Frameworks */,
				6E79FF9428DEAB8600062A0B /* WeatherUIKit.framework in Embed Frameworks */,
			);
			name = "Embed Frameworks";
			runOnlyForDeploymentPostprocessing = 0;
		};
/* End PBXCopyFilesBuildPhase section */

/* Begin PBXFileReference section */
		06DFBB3FCACAE2000244FAC2 /* Pods-Weather.release.xcconfig */ = {isa = PBXFileReference; includeInIndex = 1; lastKnownFileType = text.xcconfig; name = "Pods-Weather.release.xcconfig"; path = "Target Support Files/Pods-Weather/Pods-Weather.release.xcconfig"; sourceTree = "<group>"; };
		24929342D232DB3C14F06941 /* Pods_WeatherUIKit.framework */ = {isa = PBXFileReference; explicitFileType = wrapper.framework; includeInIndex = 0; path = Pods_WeatherUIKit.framework; sourceTree = BUILT_PRODUCTS_DIR; };
		4DFC6223E65B7D9DBF6C51C0 /* Pods-WeatherUIKit.debug.xcconfig */ = {isa = PBXFileReference; includeInIndex = 1; lastKnownFileType = text.xcconfig; name = "Pods-WeatherUIKit.debug.xcconfig"; path = "Target Support Files/Pods-WeatherUIKit/Pods-WeatherUIKit.debug.xcconfig"; sourceTree = "<group>"; };
		51720D9EE81E315C6FBC3DBC /* Pods-Weather.debug.xcconfig */ = {isa = PBXFileReference; includeInIndex = 1; lastKnownFileType = text.xcconfig; name = "Pods-Weather.debug.xcconfig"; path = "Target Support Files/Pods-Weather/Pods-Weather.debug.xcconfig"; sourceTree = "<group>"; };
		5590A1FF23B9B2B8F77E29D5 /* Pods-WeatherUIKit.release.xcconfig */ = {isa = PBXFileReference; includeInIndex = 1; lastKnownFileType = text.xcconfig; name = "Pods-WeatherUIKit.release.xcconfig"; path = "Target Support Files/Pods-WeatherUIKit/Pods-WeatherUIKit.release.xcconfig"; sourceTree = "<group>"; };
		6E79FF5528D3472E00062A0B /* Weather.app */ = {isa = PBXFileReference; explicitFileType = wrapper.application; includeInIndex = 0; path = Weather.app; sourceTree = BUILT_PRODUCTS_DIR; };
		6E79FF5828D3472E00062A0B /* AppDelegate.swift */ = {isa = PBXFileReference; lastKnownFileType = sourcecode.swift; path = AppDelegate.swift; sourceTree = "<group>"; };
		6E79FF5A28D3472E00062A0B /* SceneDelegate.swift */ = {isa = PBXFileReference; lastKnownFileType = sourcecode.swift; path = SceneDelegate.swift; sourceTree = "<group>"; };
		6E79FF6228D3472E00062A0B /* Weather.xcdatamodel */ = {isa = PBXFileReference; lastKnownFileType = wrapper.xcdatamodel; path = Weather.xcdatamodel; sourceTree = "<group>"; };
		6E79FF6428D3472F00062A0B /* Assets.xcassets */ = {isa = PBXFileReference; lastKnownFileType = folder.assetcatalog; path = Assets.xcassets; sourceTree = "<group>"; };
		6E79FF6728D3472F00062A0B /* Base */ = {isa = PBXFileReference; lastKnownFileType = file.storyboard; name = Base; path = Base.lproj/LaunchScreen.storyboard; sourceTree = "<group>"; };
		6E79FF6928D3472F00062A0B /* Info.plist */ = {isa = PBXFileReference; lastKnownFileType = text.plist.xml; path = Info.plist; sourceTree = "<group>"; };
		6E79FF6F28D3481300062A0B /* OnboardingViewController.swift */ = {isa = PBXFileReference; lastKnownFileType = sourcecode.swift; path = OnboardingViewController.swift; sourceTree = "<group>"; };
		6E79FF7128D34C2F00062A0B /* OnboardingView.swift */ = {isa = PBXFileReference; lastKnownFileType = sourcecode.swift; path = OnboardingView.swift; sourceTree = "<group>"; };
		6E79FF7328D486C800062A0B /* -Constants.swift */ = {isa = PBXFileReference; lastKnownFileType = sourcecode.swift; path = "-Constants.swift"; sourceTree = "<group>"; };
		6E79FF7628D52DD800062A0B /* UIColor+.swift */ = {isa = PBXFileReference; lastKnownFileType = sourcecode.swift; path = "UIColor+.swift"; sourceTree = "<group>"; };
		6E79FF7828D55BD700062A0B /* SettingsView.swift */ = {isa = PBXFileReference; lastKnownFileType = sourcecode.swift; path = SettingsView.swift; sourceTree = "<group>"; };
		6E79FF7A28D55BE300062A0B /* SettingsViewController.swift */ = {isa = PBXFileReference; lastKnownFileType = sourcecode.swift; path = SettingsViewController.swift; sourceTree = "<group>"; };
		6E79FF7C28D568D900062A0B /* SettingsRow.swift */ = {isa = PBXFileReference; lastKnownFileType = sourcecode.swift; path = SettingsRow.swift; sourceTree = "<group>"; };
		6E79FF7E28D585F900062A0B /* Settings.swift */ = {isa = PBXFileReference; lastKnownFileType = sourcecode.swift; path = Settings.swift; sourceTree = "<group>"; };
		6E79FF8028D58C7800062A0B /* SettingsStorage.swift */ = {isa = PBXFileReference; lastKnownFileType = sourcecode.swift; path = SettingsStorage.swift; sourceTree = "<group>"; };
		6E79FF8428D5CFB400062A0B /* MainViewController.swift */ = {isa = PBXFileReference; lastKnownFileType = sourcecode.swift; path = MainViewController.swift; sourceTree = "<group>"; };
		6E79FF8628D5D1D700062A0B /* WeatherViewController.swift */ = {isa = PBXFileReference; lastKnownFileType = sourcecode.swift; path = WeatherViewController.swift; sourceTree = "<group>"; };
		6E79FF8D28DEAB8600062A0B /* WeatherUIKit.framework */ = {isa = PBXFileReference; explicitFileType = wrapper.framework; includeInIndex = 0; path = WeatherUIKit.framework; sourceTree = BUILT_PRODUCTS_DIR; };
		6E79FF8F28DEAB8600062A0B /* WeatherUIKit.h */ = {isa = PBXFileReference; lastKnownFileType = sourcecode.c.h; path = WeatherUIKit.h; sourceTree = "<group>"; };
		6E79FF9E28DEABA300062A0B /* WeatherKit.framework */ = {isa = PBXFileReference; explicitFileType = wrapper.framework; includeInIndex = 0; path = WeatherKit.framework; sourceTree = BUILT_PRODUCTS_DIR; };
		6E79FFA028DEABA300062A0B /* WeatherKit.h */ = {isa = PBXFileReference; lastKnownFileType = sourcecode.c.h; path = WeatherKit.h; sourceTree = "<group>"; };
		6EE4425928DEB74A00681B37 /* APIConstants.swift */ = {isa = PBXFileReference; fileEncoding = 4; lastKnownFileType = sourcecode.swift; path = APIConstants.swift; sourceTree = "<group>"; };
		6EE4425B28DEB74A00681B37 /* Parser.swift */ = {isa = PBXFileReference; fileEncoding = 4; lastKnownFileType = sourcecode.swift; path = Parser.swift; sourceTree = "<group>"; };
		6EE4425D28DEB74A00681B37 /* RequestManager.swift */ = {isa = PBXFileReference; fileEncoding = 4; lastKnownFileType = sourcecode.swift; path = RequestManager.swift; sourceTree = "<group>"; };
		6EE4425E28DEB74A00681B37 /* APIManager.swift */ = {isa = PBXFileReference; fileEncoding = 4; lastKnownFileType = sourcecode.swift; path = APIManager.swift; sourceTree = "<group>"; };
		6EE4426028DEB74A00681B37 /* RequestProtocol .swift */ = {isa = PBXFileReference; fileEncoding = 4; lastKnownFileType = sourcecode.swift; path = "RequestProtocol .swift"; sourceTree = "<group>"; };
		6EE4426228DEB74A00681B37 /* CurrentWeatherRequest.swift */ = {isa = PBXFileReference; fileEncoding = 4; lastKnownFileType = sourcecode.swift; path = CurrentWeatherRequest.swift; sourceTree = "<group>"; };
		6EE4426328DEB74A00681B37 /* RequestType.swift */ = {isa = PBXFileReference; fileEncoding = 4; lastKnownFileType = sourcecode.swift; path = RequestType.swift; sourceTree = "<group>"; };
		6EE4426428DEB74A00681B37 /* NetworkError.swift */ = {isa = PBXFileReference; fileEncoding = 4; lastKnownFileType = sourcecode.swift; path = NetworkError.swift; sourceTree = "<group>"; };
		6EE4426F28DEBF5600681B37 /* WeatherViewModel.swift */ = {isa = PBXFileReference; lastKnownFileType = sourcecode.swift; path = WeatherViewModel.swift; sourceTree = "<group>"; };
		6EE4427228DEC70300681B37 /* AppDependencyContainer.swift */ = {isa = PBXFileReference; lastKnownFileType = sourcecode.swift; path = AppDependencyContainer.swift; sourceTree = "<group>"; };
		6EE4427428DEDFEB00681B37 /* WeatherDependencyContainer.swift */ = {isa = PBXFileReference; lastKnownFileType = sourcecode.swift; path = WeatherDependencyContainer.swift; sourceTree = "<group>"; };
		6EE4427628DEE87B00681B37 /* MainViewModel.swift */ = {isa = PBXFileReference; lastKnownFileType = sourcecode.swift; path = MainViewModel.swift; sourceTree = "<group>"; };
		6EE4427928DEE96400681B37 /* WeatherLocation.swift */ = {isa = PBXFileReference; lastKnownFileType = sourcecode.swift; path = WeatherLocation.swift; sourceTree = "<group>"; };
		6EE4427C28DEF33A00681B37 /* CurrentWeatherViewCell.swift */ = {isa = PBXFileReference; lastKnownFileType = sourcecode.swift; path = CurrentWeatherViewCell.swift; sourceTree = "<group>"; };
		6EE4427E28DEF68C00681B37 /* UIView+Extension.swift */ = {isa = PBXFileReference; fileEncoding = 4; lastKnownFileType = sourcecode.swift; path = "UIView+Extension.swift"; sourceTree = "<group>"; };
		6EE4428028DEFAA200681B37 /* -Item.swift */ = {isa = PBXFileReference; lastKnownFileType = sourcecode.swift; path = "-Item.swift"; sourceTree = "<group>"; };
		6EE4428228DEFC2A00681B37 /* CurrentWeather.swift */ = {isa = PBXFileReference; lastKnownFileType = sourcecode.swift; path = CurrentWeather.swift; sourceTree = "<group>"; };
		6EE4428428DEFC4D00681B37 /* HourWeather.swift */ = {isa = PBXFileReference; lastKnownFileType = sourcecode.swift; path = HourWeather.swift; sourceTree = "<group>"; };
		6EE4428628DEFC6100681B37 /* DayWeather.swift */ = {isa = PBXFileReference; lastKnownFileType = sourcecode.swift; path = DayWeather.swift; sourceTree = "<group>"; };
		6EE4428928DF290600681B37 /* WeatherRepository.swift */ = {isa = PBXFileReference; lastKnownFileType = sourcecode.swift; path = WeatherRepository.swift; sourceTree = "<group>"; };
		6EE4428C28DFEBCD00681B37 /* ErrorPresenter.swift */ = {isa = PBXFileReference; fileEncoding = 4; lastKnownFileType = sourcecode.swift; path = ErrorPresenter.swift; sourceTree = "<group>"; };
		AE3AD611FE1C1A8E16BC777C /* Pods_Weather.framework */ = {isa = PBXFileReference; explicitFileType = wrapper.framework; includeInIndex = 0; path = Pods_Weather.framework; sourceTree = BUILT_PRODUCTS_DIR; };
/* End PBXFileReference section */

/* Begin PBXFrameworksBuildPhase section */
		6E79FF5228D3472E00062A0B /* Frameworks */ = {
			isa = PBXFrameworksBuildPhase;
			buildActionMask = 2147483647;
			files = (
				6E79FF9328DEAB8600062A0B /* WeatherUIKit.framework in Frameworks */,
				6E79FFA428DEABA300062A0B /* WeatherKit.framework in Frameworks */,
				A65265DAA17CD6BACAE074E3 /* Pods_Weather.framework in Frameworks */,
			);
			runOnlyForDeploymentPostprocessing = 0;
		};
		6E79FF8A28DEAB8600062A0B /* Frameworks */ = {
			isa = PBXFrameworksBuildPhase;
			buildActionMask = 2147483647;
			files = (
				BFBD5DC0CFAFDA16F2A9B2E7 /* Pods_WeatherUIKit.framework in Frameworks */,
			);
			runOnlyForDeploymentPostprocessing = 0;
		};
		6E79FF9B28DEABA300062A0B /* Frameworks */ = {
			isa = PBXFrameworksBuildPhase;
			buildActionMask = 2147483647;
			files = (
			);
			runOnlyForDeploymentPostprocessing = 0;
		};
/* End PBXFrameworksBuildPhase section */

/* Begin PBXGroup section */
		0AD401109E3D66C121EA83B6 /* Frameworks */ = {
			isa = PBXGroup;
			children = (
				24929342D232DB3C14F06941 /* Pods_WeatherUIKit.framework */,
				AE3AD611FE1C1A8E16BC777C /* Pods_Weather.framework */,
			);
			name = Frameworks;
			sourceTree = "<group>";
		};
		5E233EB7FC49AB43C46C3781 /* Pods */ = {
			isa = PBXGroup;
			children = (
				4DFC6223E65B7D9DBF6C51C0 /* Pods-WeatherUIKit.debug.xcconfig */,
				5590A1FF23B9B2B8F77E29D5 /* Pods-WeatherUIKit.release.xcconfig */,
				51720D9EE81E315C6FBC3DBC /* Pods-Weather.debug.xcconfig */,
				06DFBB3FCACAE2000244FAC2 /* Pods-Weather.release.xcconfig */,
			);
			path = Pods;
			sourceTree = "<group>";
		};
		6E79FF4C28D3472E00062A0B = {
			isa = PBXGroup;
			children = (
				6E79FF5728D3472E00062A0B /* Weather */,
				6E79FF8E28DEAB8600062A0B /* WeatherUIKit */,
				6E79FF9F28DEABA300062A0B /* WeatherKit */,
				6E79FF5628D3472E00062A0B /* Products */,
				5E233EB7FC49AB43C46C3781 /* Pods */,
				0AD401109E3D66C121EA83B6 /* Frameworks */,
			);
			sourceTree = "<group>";
		};
		6E79FF5628D3472E00062A0B /* Products */ = {
			isa = PBXGroup;
			children = (
				6E79FF5528D3472E00062A0B /* Weather.app */,
				6E79FF8D28DEAB8600062A0B /* WeatherUIKit.framework */,
				6E79FF9E28DEABA300062A0B /* WeatherKit.framework */,
			);
			name = Products;
			sourceTree = "<group>";
		};
		6E79FF5728D3472E00062A0B /* Weather */ = {
			isa = PBXGroup;
			children = (
				6E79FF7528D52DCB00062A0B /* Extension */,
				6E79FF5828D3472E00062A0B /* AppDelegate.swift */,
				6E79FF7328D486C800062A0B /* -Constants.swift */,
				6E79FF5A28D3472E00062A0B /* SceneDelegate.swift */,
				6E79FF6428D3472F00062A0B /* Assets.xcassets */,
				6E79FF6628D3472F00062A0B /* LaunchScreen.storyboard */,
				6E79FF6928D3472F00062A0B /* Info.plist */,
			);
			path = Weather;
			sourceTree = "<group>";
		};
		6E79FF7528D52DCB00062A0B /* Extension */ = {
			isa = PBXGroup;
			children = (
			);
			path = Extension;
			sourceTree = "<group>";
		};
		6E79FF8228D5CF7000062A0B /* Settings */ = {
			isa = PBXGroup;
			children = (
				6E79FF7C28D568D900062A0B /* SettingsRow.swift */,
				6E79FF7828D55BD700062A0B /* SettingsView.swift */,
				6E79FF7A28D55BE300062A0B /* SettingsViewController.swift */,
			);
			path = Settings;
			sourceTree = "<group>";
		};
		6E79FF8328D5CF8200062A0B /* Main */ = {
			isa = PBXGroup;
			children = (
				6E79FF8428D5CFB400062A0B /* MainViewController.swift */,
			);
			path = Main;
			sourceTree = "<group>";
		};
		6E79FF8E28DEAB8600062A0B /* WeatherUIKit */ = {
			isa = PBXGroup;
			children = (
				6EE4428B28DFEBB400681B37 /* ErrorPresenter */,
				6EE4427128DEC6E300681B37 /* Weather */,
				6E79FF8228D5CF7000062A0B /* Settings */,
				6E79FFAE28DEAC1700062A0B /* Extension */,
				6E79FFAB28DEABE800062A0B /* Onboarding */,
				6E79FF8328D5CF8200062A0B /* Main */,
				6EE4427228DEC70300681B37 /* AppDependencyContainer.swift */,
				6E79FF8F28DEAB8600062A0B /* WeatherUIKit.h */,
			);
			path = WeatherUIKit;
			sourceTree = "<group>";
		};
		6E79FF9F28DEABA300062A0B /* WeatherKit */ = {
			isa = PBXGroup;
			children = (
				6EE4426E28DEBE7B00681B37 /* UILayer */,
				6EE4425628DEB74A00681B37 /* DataLayer */,
				6EE4426D28DEB76F00681B37 /* Settings */,
				6E79FF6128D3472E00062A0B /* Weather.xcdatamodeld */,
				6E79FFA028DEABA300062A0B /* WeatherKit.h */,
			);
			path = WeatherKit;
			sourceTree = "<group>";
		};
		6E79FFAB28DEABE800062A0B /* Onboarding */ = {
			isa = PBXGroup;
			children = (
				6E79FF6F28D3481300062A0B /* OnboardingViewController.swift */,
				6E79FF7128D34C2F00062A0B /* OnboardingView.swift */,
			);
			path = Onboarding;
			sourceTree = "<group>";
		};
		6E79FFAE28DEAC1700062A0B /* Extension */ = {
			isa = PBXGroup;
			children = (
				6EE4427E28DEF68C00681B37 /* UIView+Extension.swift */,
				6E79FF7628D52DD800062A0B /* UIColor+.swift */,
			);
			path = Extension;
			sourceTree = "<group>";
		};
		6EE4425628DEB74A00681B37 /* DataLayer */ = {
			isa = PBXGroup;
			children = (
				6EE4428828DF28E000681B37 /* Repository */,
				6EE4427828DEE94C00681B37 /* Model */,
				6EE4425728DEB74A00681B37 /* Persistence */,
				6EE4425828DEB74A00681B37 /* Remote */,
			);
			path = DataLayer;
			sourceTree = "<group>";
		};
		6EE4425728DEB74A00681B37 /* Persistence */ = {
			isa = PBXGroup;
			children = (
			);
			path = Persistence;
			sourceTree = "<group>";
		};
		6EE4425828DEB74A00681B37 /* Remote */ = {
			isa = PBXGroup;
			children = (
				6EE4425928DEB74A00681B37 /* APIConstants.swift */,
				6EE4425A28DEB74A00681B37 /* Parser */,
				6EE4425C28DEB74A00681B37 /* Manager */,
				6EE4425F28DEB74A00681B37 /* Request */,
				6EE4426428DEB74A00681B37 /* NetworkError.swift */,
			);
			path = Remote;
			sourceTree = "<group>";
		};
		6EE4425A28DEB74A00681B37 /* Parser */ = {
			isa = PBXGroup;
			children = (
				6EE4425B28DEB74A00681B37 /* Parser.swift */,
			);
			path = Parser;
			sourceTree = "<group>";
		};
		6EE4425C28DEB74A00681B37 /* Manager */ = {
			isa = PBXGroup;
			children = (
				6EE4425D28DEB74A00681B37 /* RequestManager.swift */,
				6EE4425E28DEB74A00681B37 /* APIManager.swift */,
			);
			path = Manager;
			sourceTree = "<group>";
		};
		6EE4425F28DEB74A00681B37 /* Request */ = {
			isa = PBXGroup;
			children = (
				6EE4426328DEB74A00681B37 /* RequestType.swift */,
				6EE4426028DEB74A00681B37 /* RequestProtocol .swift */,
				6EE4426128DEB74A00681B37 /* Weather */,
			);
			path = Request;
			sourceTree = "<group>";
		};
		6EE4426128DEB74A00681B37 /* Weather */ = {
			isa = PBXGroup;
			children = (
				6EE4426228DEB74A00681B37 /* CurrentWeatherRequest.swift */,
			);
			path = Weather;
			sourceTree = "<group>";
		};
		6EE4426D28DEB76F00681B37 /* Settings */ = {
			isa = PBXGroup;
			children = (
				6E79FF7E28D585F900062A0B /* Settings.swift */,
				6E79FF8028D58C7800062A0B /* SettingsStorage.swift */,
			);
			path = Settings;
			sourceTree = "<group>";
		};
		6EE4426E28DEBE7B00681B37 /* UILayer */ = {
			isa = PBXGroup;
			children = (
				6EE4426F28DEBF5600681B37 /* WeatherViewModel.swift */,
				6EE4427628DEE87B00681B37 /* MainViewModel.swift */,
			);
			path = UILayer;
			sourceTree = "<group>";
		};
		6EE4427128DEC6E300681B37 /* Weather */ = {
			isa = PBXGroup;
			children = (
				6E79FF8628D5D1D700062A0B /* WeatherViewController.swift */,
				6EE4428028DEFAA200681B37 /* -Item.swift */,
				6EE4427C28DEF33A00681B37 /* CurrentWeatherViewCell.swift */,
				6EE4427428DEDFEB00681B37 /* WeatherDependencyContainer.swift */,
			);
			path = Weather;
			sourceTree = "<group>";
		};
		6EE4427828DEE94C00681B37 /* Model */ = {
			isa = PBXGroup;
			children = (
				6EE4427928DEE96400681B37 /* WeatherLocation.swift */,
				6EE4428228DEFC2A00681B37 /* CurrentWeather.swift */,
				6EE4428428DEFC4D00681B37 /* HourWeather.swift */,
				6EE4428628DEFC6100681B37 /* DayWeather.swift */,
			);
			path = Model;
			sourceTree = "<group>";
		};
		6EE4428828DF28E000681B37 /* Repository */ = {
			isa = PBXGroup;
			children = (
				6EE4428928DF290600681B37 /* WeatherRepository.swift */,
			);
			path = Repository;
			sourceTree = "<group>";
		};
		6EE4428B28DFEBB400681B37 /* ErrorPresenter */ = {
			isa = PBXGroup;
			children = (
				6EE4428C28DFEBCD00681B37 /* ErrorPresenter.swift */,
			);
			path = ErrorPresenter;
			sourceTree = "<group>";
		};
/* End PBXGroup section */

/* Begin PBXHeadersBuildPhase section */
		6E79FF8828DEAB8600062A0B /* Headers */ = {
			isa = PBXHeadersBuildPhase;
			buildActionMask = 2147483647;
			files = (
				6E79FF9028DEAB8600062A0B /* WeatherUIKit.h in Headers */,
			);
			runOnlyForDeploymentPostprocessing = 0;
		};
		6E79FF9928DEABA300062A0B /* Headers */ = {
			isa = PBXHeadersBuildPhase;
			buildActionMask = 2147483647;
			files = (
				6E79FFA128DEABA300062A0B /* WeatherKit.h in Headers */,
			);
			runOnlyForDeploymentPostprocessing = 0;
		};
/* End PBXHeadersBuildPhase section */

/* Begin PBXNativeTarget section */
		6E79FF5428D3472E00062A0B /* Weather */ = {
			isa = PBXNativeTarget;
			buildConfigurationList = 6E79FF6C28D3472F00062A0B /* Build configuration list for PBXNativeTarget "Weather" */;
			buildPhases = (
				B58A721A2FE6AD47B8D9C7C7 /* [CP] Check Pods Manifest.lock */,
				6E79FF5128D3472E00062A0B /* Sources */,
				6E79FF5228D3472E00062A0B /* Frameworks */,
				6E79FF5328D3472E00062A0B /* Resources */,
				6E79FF9828DEAB8600062A0B /* Embed Frameworks */,
				860266D131A93FE8027162B3 /* [CP] Embed Pods Frameworks */,
			);
			buildRules = (
			);
			dependencies = (
				6E79FF9228DEAB8600062A0B /* PBXTargetDependency */,
				6E79FFA328DEABA300062A0B /* PBXTargetDependency */,
			);
			name = Weather;
			productName = Weather;
			productReference = 6E79FF5528D3472E00062A0B /* Weather.app */;
			productType = "com.apple.product-type.application";
		};
		6E79FF8C28DEAB8600062A0B /* WeatherUIKit */ = {
			isa = PBXNativeTarget;
			buildConfigurationList = 6E79FF9528DEAB8600062A0B /* Build configuration list for PBXNativeTarget "WeatherUIKit" */;
			buildPhases = (
				CAC8F5E50E1F339DA953F3D8 /* [CP] Check Pods Manifest.lock */,
				6E79FF8828DEAB8600062A0B /* Headers */,
				6E79FF8928DEAB8600062A0B /* Sources */,
				6E79FF8A28DEAB8600062A0B /* Frameworks */,
				6E79FF8B28DEAB8600062A0B /* Resources */,
			);
			buildRules = (
			);
			dependencies = (
			);
			name = WeatherUIKit;
			productName = WeatherUIKit;
			productReference = 6E79FF8D28DEAB8600062A0B /* WeatherUIKit.framework */;
			productType = "com.apple.product-type.framework";
		};
		6E79FF9D28DEABA300062A0B /* WeatherKit */ = {
			isa = PBXNativeTarget;
			buildConfigurationList = 6E79FFA628DEABA300062A0B /* Build configuration list for PBXNativeTarget "WeatherKit" */;
			buildPhases = (
				6E79FF9928DEABA300062A0B /* Headers */,
				6E79FF9A28DEABA300062A0B /* Sources */,
				6E79FF9B28DEABA300062A0B /* Frameworks */,
				6E79FF9C28DEABA300062A0B /* Resources */,
			);
			buildRules = (
			);
			dependencies = (
			);
			name = WeatherKit;
			productName = WeatherKit;
			productReference = 6E79FF9E28DEABA300062A0B /* WeatherKit.framework */;
			productType = "com.apple.product-type.framework";
		};
/* End PBXNativeTarget section */

/* Begin PBXProject section */
		6E79FF4D28D3472E00062A0B /* Project object */ = {
			isa = PBXProject;
			attributes = {
				BuildIndependentTargetsInParallel = 1;
				LastSwiftUpdateCheck = 1340;
				LastUpgradeCheck = 1340;
				TargetAttributes = {
					6E79FF5428D3472E00062A0B = {
						CreatedOnToolsVersion = 13.4.1;
					};
					6E79FF8C28DEAB8600062A0B = {
						CreatedOnToolsVersion = 13.4.1;
					};
					6E79FF9D28DEABA300062A0B = {
						CreatedOnToolsVersion = 13.4.1;
					};
				};
			};
			buildConfigurationList = 6E79FF5028D3472E00062A0B /* Build configuration list for PBXProject "Weather" */;
			compatibilityVersion = "Xcode 13.0";
			developmentRegion = en;
			hasScannedForEncodings = 0;
			knownRegions = (
				en,
				Base,
			);
			mainGroup = 6E79FF4C28D3472E00062A0B;
			productRefGroup = 6E79FF5628D3472E00062A0B /* Products */;
			projectDirPath = "";
			projectRoot = "";
			targets = (
				6E79FF5428D3472E00062A0B /* Weather */,
				6E79FF8C28DEAB8600062A0B /* WeatherUIKit */,
				6E79FF9D28DEABA300062A0B /* WeatherKit */,
			);
		};
/* End PBXProject section */

/* Begin PBXResourcesBuildPhase section */
		6E79FF5328D3472E00062A0B /* Resources */ = {
			isa = PBXResourcesBuildPhase;
			buildActionMask = 2147483647;
			files = (
				6E79FF6828D3472F00062A0B /* LaunchScreen.storyboard in Resources */,
				6E79FF6528D3472F00062A0B /* Assets.xcassets in Resources */,
			);
			runOnlyForDeploymentPostprocessing = 0;
		};
		6E79FF8B28DEAB8600062A0B /* Resources */ = {
			isa = PBXResourcesBuildPhase;
			buildActionMask = 2147483647;
			files = (
			);
			runOnlyForDeploymentPostprocessing = 0;
		};
		6E79FF9C28DEABA300062A0B /* Resources */ = {
			isa = PBXResourcesBuildPhase;
			buildActionMask = 2147483647;
			files = (
			);
			runOnlyForDeploymentPostprocessing = 0;
		};
/* End PBXResourcesBuildPhase section */

/* Begin PBXShellScriptBuildPhase section */
		860266D131A93FE8027162B3 /* [CP] Embed Pods Frameworks */ = {
			isa = PBXShellScriptBuildPhase;
			buildActionMask = 2147483647;
			files = (
			);
			inputFileListPaths = (
				"${PODS_ROOT}/Target Support Files/Pods-Weather/Pods-Weather-frameworks-${CONFIGURATION}-input-files.xcfilelist",
			);
			name = "[CP] Embed Pods Frameworks";
			outputFileListPaths = (
				"${PODS_ROOT}/Target Support Files/Pods-Weather/Pods-Weather-frameworks-${CONFIGURATION}-output-files.xcfilelist",
			);
			runOnlyForDeploymentPostprocessing = 0;
			shellPath = /bin/sh;
			shellScript = "\"${PODS_ROOT}/Target Support Files/Pods-Weather/Pods-Weather-frameworks.sh\"\n";
			showEnvVarsInLog = 0;
		};
		B58A721A2FE6AD47B8D9C7C7 /* [CP] Check Pods Manifest.lock */ = {
			isa = PBXShellScriptBuildPhase;
			buildActionMask = 2147483647;
			files = (
			);
			inputFileListPaths = (
			);
			inputPaths = (
				"${PODS_PODFILE_DIR_PATH}/Podfile.lock",
				"${PODS_ROOT}/Manifest.lock",
			);
			name = "[CP] Check Pods Manifest.lock";
			outputFileListPaths = (
			);
			outputPaths = (
				"$(DERIVED_FILE_DIR)/Pods-Weather-checkManifestLockResult.txt",
			);
			runOnlyForDeploymentPostprocessing = 0;
			shellPath = /bin/sh;
			shellScript = "diff \"${PODS_PODFILE_DIR_PATH}/Podfile.lock\" \"${PODS_ROOT}/Manifest.lock\" > /dev/null\nif [ $? != 0 ] ; then\n    # print error to STDERR\n    echo \"error: The sandbox is not in sync with the Podfile.lock. Run 'pod install' or update your CocoaPods installation.\" >&2\n    exit 1\nfi\n# This output is used by Xcode 'outputs' to avoid re-running this script phase.\necho \"SUCCESS\" > \"${SCRIPT_OUTPUT_FILE_0}\"\n";
			showEnvVarsInLog = 0;
		};
		CAC8F5E50E1F339DA953F3D8 /* [CP] Check Pods Manifest.lock */ = {
			isa = PBXShellScriptBuildPhase;
			buildActionMask = 2147483647;
			files = (
			);
			inputFileListPaths = (
			);
			inputPaths = (
				"${PODS_PODFILE_DIR_PATH}/Podfile.lock",
				"${PODS_ROOT}/Manifest.lock",
			);
			name = "[CP] Check Pods Manifest.lock";
			outputFileListPaths = (
			);
			outputPaths = (
				"$(DERIVED_FILE_DIR)/Pods-WeatherUIKit-checkManifestLockResult.txt",
			);
			runOnlyForDeploymentPostprocessing = 0;
			shellPath = /bin/sh;
			shellScript = "diff \"${PODS_PODFILE_DIR_PATH}/Podfile.lock\" \"${PODS_ROOT}/Manifest.lock\" > /dev/null\nif [ $? != 0 ] ; then\n    # print error to STDERR\n    echo \"error: The sandbox is not in sync with the Podfile.lock. Run 'pod install' or update your CocoaPods installation.\" >&2\n    exit 1\nfi\n# This output is used by Xcode 'outputs' to avoid re-running this script phase.\necho \"SUCCESS\" > \"${SCRIPT_OUTPUT_FILE_0}\"\n";
			showEnvVarsInLog = 0;
		};
/* End PBXShellScriptBuildPhase section */

/* Begin PBXSourcesBuildPhase section */
		6E79FF5128D3472E00062A0B /* Sources */ = {
			isa = PBXSourcesBuildPhase;
			buildActionMask = 2147483647;
			files = (
				6E79FF5928D3472E00062A0B /* AppDelegate.swift in Sources */,
				6E79FF5B28D3472E00062A0B /* SceneDelegate.swift in Sources */,
				6E79FF7428D486C800062A0B /* -Constants.swift in Sources */,
			);
			runOnlyForDeploymentPostprocessing = 0;
		};
		6E79FF8928DEAB8600062A0B /* Sources */ = {
			isa = PBXSourcesBuildPhase;
			buildActionMask = 2147483647;
			files = (
				6EE4427328DEC70300681B37 /* AppDependencyContainer.swift in Sources */,
				6E79FFB128DEAC3800062A0B /* SettingsView.swift in Sources */,
				6E79FFA928DEABCE00062A0B /* MainViewController.swift in Sources */,
				6E79FFAD28DEAC0300062A0B /* OnboardingView.swift in Sources */,
				6E79FFAC28DEAC0000062A0B /* OnboardingViewController.swift in Sources */,
				6EE4427D28DEF33A00681B37 /* CurrentWeatherViewCell.swift in Sources */,
				6EE4427F28DEF68C00681B37 /* UIView+Extension.swift in Sources */,
				6EE4428D28DFEBCD00681B37 /* ErrorPresenter.swift in Sources */,
				6EE4428128DEFAA200681B37 /* -Item.swift in Sources */,
				6E79FFAA28DEABD300062A0B /* WeatherViewController.swift in Sources */,
				6E79FFAF28DEAC1E00062A0B /* UIColor+.swift in Sources */,
				6E79FFB028DEAC3400062A0B /* SettingsRow.swift in Sources */,
				6EE4427528DEDFEB00681B37 /* WeatherDependencyContainer.swift in Sources */,
				6E79FFB228DEAC3D00062A0B /* SettingsViewController.swift in Sources */,
			);
			runOnlyForDeploymentPostprocessing = 0;
		};
		6E79FF9A28DEABA300062A0B /* Sources */ = {
			isa = PBXSourcesBuildPhase;
			buildActionMask = 2147483647;
			files = (
				6EE4428A28DF290600681B37 /* WeatherRepository.swift in Sources */,
				6EE4426528DEB74A00681B37 /* APIConstants.swift in Sources */,
				6EE4428328DEFC2A00681B37 /* CurrentWeather.swift in Sources */,
				6EE4427028DEBF5600681B37 /* WeatherViewModel.swift in Sources */,
				6E79FFB528DEAC5900062A0B /* Weather.xcdatamodeld in Sources */,
				6EE4426628DEB74A00681B37 /* Parser.swift in Sources */,
				6EE4426A28DEB74A00681B37 /* CurrentWeatherRequest.swift in Sources */,
				6EE4427728DEE87B00681B37 /* MainViewModel.swift in Sources */,
				6EE4426728DEB74A00681B37 /* RequestManager.swift in Sources */,
				6EE4426928DEB74A00681B37 /* RequestProtocol .swift in Sources */,
				6E79FFB428DEAC4700062A0B /* Settings.swift in Sources */,
				6EE4428528DEFC4D00681B37 /* HourWeather.swift in Sources */,
				6EE4428728DEFC6100681B37 /* DayWeather.swift in Sources */,
				6E79FFB328DEAC4700062A0B /* SettingsStorage.swift in Sources */,
				6EE4426828DEB74A00681B37 /* APIManager.swift in Sources */,
				6EE4427A28DEE96400681B37 /* WeatherLocation.swift in Sources */,
				6EE4426C28DEB74A00681B37 /* NetworkError.swift in Sources */,
				6EE4426B28DEB74A00681B37 /* RequestType.swift in Sources */,
			);
			runOnlyForDeploymentPostprocessing = 0;
		};
/* End PBXSourcesBuildPhase section */

/* Begin PBXTargetDependency section */
		6E79FF9228DEAB8600062A0B /* PBXTargetDependency */ = {
			isa = PBXTargetDependency;
			target = 6E79FF8C28DEAB8600062A0B /* WeatherUIKit */;
			targetProxy = 6E79FF9128DEAB8600062A0B /* PBXContainerItemProxy */;
		};
		6E79FFA328DEABA300062A0B /* PBXTargetDependency */ = {
			isa = PBXTargetDependency;
			target = 6E79FF9D28DEABA300062A0B /* WeatherKit */;
			targetProxy = 6E79FFA228DEABA300062A0B /* PBXContainerItemProxy */;
		};
/* End PBXTargetDependency section */

/* Begin PBXVariantGroup section */
		6E79FF6628D3472F00062A0B /* LaunchScreen.storyboard */ = {
			isa = PBXVariantGroup;
			children = (
				6E79FF6728D3472F00062A0B /* Base */,
			);
			name = LaunchScreen.storyboard;
			sourceTree = "<group>";
		};
/* End PBXVariantGroup section */

/* Begin XCBuildConfiguration section */
		6E79FF6A28D3472F00062A0B /* Debug */ = {
			isa = XCBuildConfiguration;
			buildSettings = {
				ALWAYS_SEARCH_USER_PATHS = NO;
				CLANG_ANALYZER_NONNULL = YES;
				CLANG_ANALYZER_NUMBER_OBJECT_CONVERSION = YES_AGGRESSIVE;
				CLANG_CXX_LANGUAGE_STANDARD = "gnu++17";
				CLANG_ENABLE_MODULES = YES;
				CLANG_ENABLE_OBJC_ARC = YES;
				CLANG_ENABLE_OBJC_WEAK = YES;
				CLANG_WARN_BLOCK_CAPTURE_AUTORELEASING = YES;
				CLANG_WARN_BOOL_CONVERSION = YES;
				CLANG_WARN_COMMA = YES;
				CLANG_WARN_CONSTANT_CONVERSION = YES;
				CLANG_WARN_DEPRECATED_OBJC_IMPLEMENTATIONS = YES;
				CLANG_WARN_DIRECT_OBJC_ISA_USAGE = YES_ERROR;
				CLANG_WARN_DOCUMENTATION_COMMENTS = YES;
				CLANG_WARN_EMPTY_BODY = YES;
				CLANG_WARN_ENUM_CONVERSION = YES;
				CLANG_WARN_INFINITE_RECURSION = YES;
				CLANG_WARN_INT_CONVERSION = YES;
				CLANG_WARN_NON_LITERAL_NULL_CONVERSION = YES;
				CLANG_WARN_OBJC_IMPLICIT_RETAIN_SELF = YES;
				CLANG_WARN_OBJC_LITERAL_CONVERSION = YES;
				CLANG_WARN_OBJC_ROOT_CLASS = YES_ERROR;
				CLANG_WARN_QUOTED_INCLUDE_IN_FRAMEWORK_HEADER = YES;
				CLANG_WARN_RANGE_LOOP_ANALYSIS = YES;
				CLANG_WARN_STRICT_PROTOTYPES = YES;
				CLANG_WARN_SUSPICIOUS_MOVE = YES;
				CLANG_WARN_UNGUARDED_AVAILABILITY = YES_AGGRESSIVE;
				CLANG_WARN_UNREACHABLE_CODE = YES;
				CLANG_WARN__DUPLICATE_METHOD_MATCH = YES;
				COPY_PHASE_STRIP = NO;
				DEBUG_INFORMATION_FORMAT = dwarf;
				ENABLE_STRICT_OBJC_MSGSEND = YES;
				ENABLE_TESTABILITY = YES;
				GCC_C_LANGUAGE_STANDARD = gnu11;
				GCC_DYNAMIC_NO_PIC = NO;
				GCC_NO_COMMON_BLOCKS = YES;
				GCC_OPTIMIZATION_LEVEL = 0;
				GCC_PREPROCESSOR_DEFINITIONS = (
					"DEBUG=1",
					"$(inherited)",
				);
				GCC_WARN_64_TO_32_BIT_CONVERSION = YES;
				GCC_WARN_ABOUT_RETURN_TYPE = YES_ERROR;
				GCC_WARN_UNDECLARED_SELECTOR = YES;
				GCC_WARN_UNINITIALIZED_AUTOS = YES_AGGRESSIVE;
				GCC_WARN_UNUSED_FUNCTION = YES;
				GCC_WARN_UNUSED_VARIABLE = YES;
				IPHONEOS_DEPLOYMENT_TARGET = 15.5;
				MTL_ENABLE_DEBUG_INFO = INCLUDE_SOURCE;
				MTL_FAST_MATH = YES;
				ONLY_ACTIVE_ARCH = YES;
				SDKROOT = iphoneos;
				SWIFT_ACTIVE_COMPILATION_CONDITIONS = DEBUG;
				SWIFT_OPTIMIZATION_LEVEL = "-Onone";
			};
			name = Debug;
		};
		6E79FF6B28D3472F00062A0B /* Release */ = {
			isa = XCBuildConfiguration;
			buildSettings = {
				ALWAYS_SEARCH_USER_PATHS = NO;
				CLANG_ANALYZER_NONNULL = YES;
				CLANG_ANALYZER_NUMBER_OBJECT_CONVERSION = YES_AGGRESSIVE;
				CLANG_CXX_LANGUAGE_STANDARD = "gnu++17";
				CLANG_ENABLE_MODULES = YES;
				CLANG_ENABLE_OBJC_ARC = YES;
				CLANG_ENABLE_OBJC_WEAK = YES;
				CLANG_WARN_BLOCK_CAPTURE_AUTORELEASING = YES;
				CLANG_WARN_BOOL_CONVERSION = YES;
				CLANG_WARN_COMMA = YES;
				CLANG_WARN_CONSTANT_CONVERSION = YES;
				CLANG_WARN_DEPRECATED_OBJC_IMPLEMENTATIONS = YES;
				CLANG_WARN_DIRECT_OBJC_ISA_USAGE = YES_ERROR;
				CLANG_WARN_DOCUMENTATION_COMMENTS = YES;
				CLANG_WARN_EMPTY_BODY = YES;
				CLANG_WARN_ENUM_CONVERSION = YES;
				CLANG_WARN_INFINITE_RECURSION = YES;
				CLANG_WARN_INT_CONVERSION = YES;
				CLANG_WARN_NON_LITERAL_NULL_CONVERSION = YES;
				CLANG_WARN_OBJC_IMPLICIT_RETAIN_SELF = YES;
				CLANG_WARN_OBJC_LITERAL_CONVERSION = YES;
				CLANG_WARN_OBJC_ROOT_CLASS = YES_ERROR;
				CLANG_WARN_QUOTED_INCLUDE_IN_FRAMEWORK_HEADER = YES;
				CLANG_WARN_RANGE_LOOP_ANALYSIS = YES;
				CLANG_WARN_STRICT_PROTOTYPES = YES;
				CLANG_WARN_SUSPICIOUS_MOVE = YES;
				CLANG_WARN_UNGUARDED_AVAILABILITY = YES_AGGRESSIVE;
				CLANG_WARN_UNREACHABLE_CODE = YES;
				CLANG_WARN__DUPLICATE_METHOD_MATCH = YES;
				COPY_PHASE_STRIP = NO;
				DEBUG_INFORMATION_FORMAT = "dwarf-with-dsym";
				ENABLE_NS_ASSERTIONS = NO;
				ENABLE_STRICT_OBJC_MSGSEND = YES;
				GCC_C_LANGUAGE_STANDARD = gnu11;
				GCC_NO_COMMON_BLOCKS = YES;
				GCC_WARN_64_TO_32_BIT_CONVERSION = YES;
				GCC_WARN_ABOUT_RETURN_TYPE = YES_ERROR;
				GCC_WARN_UNDECLARED_SELECTOR = YES;
				GCC_WARN_UNINITIALIZED_AUTOS = YES_AGGRESSIVE;
				GCC_WARN_UNUSED_FUNCTION = YES;
				GCC_WARN_UNUSED_VARIABLE = YES;
				IPHONEOS_DEPLOYMENT_TARGET = 15.5;
				MTL_ENABLE_DEBUG_INFO = NO;
				MTL_FAST_MATH = YES;
				SDKROOT = iphoneos;
				SWIFT_COMPILATION_MODE = wholemodule;
				SWIFT_OPTIMIZATION_LEVEL = "-O";
				VALIDATE_PRODUCT = YES;
			};
			name = Release;
		};
		6E79FF6D28D3472F00062A0B /* Debug */ = {
			isa = XCBuildConfiguration;
			baseConfigurationReference = 51720D9EE81E315C6FBC3DBC /* Pods-Weather.debug.xcconfig */;
			buildSettings = {
				ALWAYS_EMBED_SWIFT_STANDARD_LIBRARIES = "$(inherited)";
				ASSETCATALOG_COMPILER_APPICON_NAME = AppIcon;
				ASSETCATALOG_COMPILER_GLOBAL_ACCENT_COLOR_NAME = AccentColor;
				ASSETCATALOG_COMPILER_INCLUDE_ALL_APPICON_ASSETS = NO;
				CODE_SIGN_STYLE = Automatic;
				CURRENT_PROJECT_VERSION = 1;
				DEVELOPMENT_TEAM = 5454Z35HY9;
				GENERATE_INFOPLIST_FILE = YES;
				INFOPLIST_FILE = Weather/Info.plist;
				INFOPLIST_KEY_UIApplicationSupportsIndirectInputEvents = YES;
				INFOPLIST_KEY_UILaunchStoryboardName = LaunchScreen;
				INFOPLIST_KEY_UISupportedInterfaceOrientations_iPad = "UIInterfaceOrientationPortrait UIInterfaceOrientationPortraitUpsideDown UIInterfaceOrientationLandscapeLeft UIInterfaceOrientationLandscapeRight";
				INFOPLIST_KEY_UISupportedInterfaceOrientations_iPhone = "UIInterfaceOrientationPortrait UIInterfaceOrientationLandscapeLeft UIInterfaceOrientationLandscapeRight";
				LD_RUNPATH_SEARCH_PATHS = (
					"$(inherited)",
					"@executable_path/Frameworks",
				);
				MARKETING_VERSION = 1.0;
				PRODUCT_BUNDLE_IDENTIFIER = pB.Weather;
				PRODUCT_NAME = "$(TARGET_NAME)";
				SWIFT_EMIT_LOC_STRINGS = YES;
				SWIFT_VERSION = 5.0;
				TARGETED_DEVICE_FAMILY = "1,2";
			};
			name = Debug;
		};
		6E79FF6E28D3472F00062A0B /* Release */ = {
			isa = XCBuildConfiguration;
			baseConfigurationReference = 06DFBB3FCACAE2000244FAC2 /* Pods-Weather.release.xcconfig */;
			buildSettings = {
				ALWAYS_EMBED_SWIFT_STANDARD_LIBRARIES = "$(inherited)";
				ASSETCATALOG_COMPILER_APPICON_NAME = AppIcon;
				ASSETCATALOG_COMPILER_GLOBAL_ACCENT_COLOR_NAME = AccentColor;
				ASSETCATALOG_COMPILER_INCLUDE_ALL_APPICON_ASSETS = NO;
				CODE_SIGN_STYLE = Automatic;
				CURRENT_PROJECT_VERSION = 1;
				DEVELOPMENT_TEAM = 5454Z35HY9;
				GENERATE_INFOPLIST_FILE = YES;
				INFOPLIST_FILE = Weather/Info.plist;
				INFOPLIST_KEY_UIApplicationSupportsIndirectInputEvents = YES;
				INFOPLIST_KEY_UILaunchStoryboardName = LaunchScreen;
				INFOPLIST_KEY_UISupportedInterfaceOrientations_iPad = "UIInterfaceOrientationPortrait UIInterfaceOrientationPortraitUpsideDown UIInterfaceOrientationLandscapeLeft UIInterfaceOrientationLandscapeRight";
				INFOPLIST_KEY_UISupportedInterfaceOrientations_iPhone = "UIInterfaceOrientationPortrait UIInterfaceOrientationLandscapeLeft UIInterfaceOrientationLandscapeRight";
				LD_RUNPATH_SEARCH_PATHS = (
					"$(inherited)",
					"@executable_path/Frameworks",
				);
				MARKETING_VERSION = 1.0;
				PRODUCT_BUNDLE_IDENTIFIER = pB.Weather;
				PRODUCT_NAME = "$(TARGET_NAME)";
				SWIFT_EMIT_LOC_STRINGS = YES;
				SWIFT_VERSION = 5.0;
				TARGETED_DEVICE_FAMILY = "1,2";
			};
			name = Release;
		};
		6E79FF9628DEAB8600062A0B /* Debug */ = {
			isa = XCBuildConfiguration;
			baseConfigurationReference = 4DFC6223E65B7D9DBF6C51C0 /* Pods-WeatherUIKit.debug.xcconfig */;
			buildSettings = {
				CODE_SIGN_STYLE = Automatic;
				CURRENT_PROJECT_VERSION = 1;
				DEFINES_MODULE = YES;
				DEVELOPMENT_TEAM = 5454Z35HY9;
				DYLIB_COMPATIBILITY_VERSION = 1;
				DYLIB_CURRENT_VERSION = 1;
				DYLIB_INSTALL_NAME_BASE = "@rpath";
				GENERATE_INFOPLIST_FILE = YES;
				INFOPLIST_KEY_NSHumanReadableCopyright = "";
				INSTALL_PATH = "$(LOCAL_LIBRARY_DIR)/Frameworks";
				LD_RUNPATH_SEARCH_PATHS = (
					"$(inherited)",
					"@executable_path/Frameworks",
					"@loader_path/Frameworks",
				);
				MARKETING_VERSION = 1.0;
				PRODUCT_BUNDLE_IDENTIFIER = pB.WeatherUIKit;
				PRODUCT_NAME = "$(TARGET_NAME:c99extidentifier)";
				SKIP_INSTALL = YES;
				SWIFT_EMIT_LOC_STRINGS = YES;
				SWIFT_VERSION = 5.0;
				TARGETED_DEVICE_FAMILY = "1,2";
				VERSIONING_SYSTEM = "apple-generic";
				VERSION_INFO_PREFIX = "";
			};
			name = Debug;
		};
		6E79FF9728DEAB8600062A0B /* Release */ = {
			isa = XCBuildConfiguration;
			baseConfigurationReference = 5590A1FF23B9B2B8F77E29D5 /* Pods-WeatherUIKit.release.xcconfig */;
			buildSettings = {
				CODE_SIGN_STYLE = Automatic;
				CURRENT_PROJECT_VERSION = 1;
				DEFINES_MODULE = YES;
				DEVELOPMENT_TEAM = 5454Z35HY9;
				DYLIB_COMPATIBILITY_VERSION = 1;
				DYLIB_CURRENT_VERSION = 1;
				DYLIB_INSTALL_NAME_BASE = "@rpath";
				GENERATE_INFOPLIST_FILE = YES;
				INFOPLIST_KEY_NSHumanReadableCopyright = "";
				INSTALL_PATH = "$(LOCAL_LIBRARY_DIR)/Frameworks";
				LD_RUNPATH_SEARCH_PATHS = (
					"$(inherited)",
					"@executable_path/Frameworks",
					"@loader_path/Frameworks",
				);
				MARKETING_VERSION = 1.0;
				PRODUCT_BUNDLE_IDENTIFIER = pB.WeatherUIKit;
				PRODUCT_NAME = "$(TARGET_NAME:c99extidentifier)";
				SKIP_INSTALL = YES;
				SWIFT_EMIT_LOC_STRINGS = YES;
				SWIFT_VERSION = 5.0;
				TARGETED_DEVICE_FAMILY = "1,2";
				VERSIONING_SYSTEM = "apple-generic";
				VERSION_INFO_PREFIX = "";
			};
			name = Release;
		};
		6E79FFA728DEABA300062A0B /* Debug */ = {
			isa = XCBuildConfiguration;
			buildSettings = {
				CODE_SIGN_STYLE = Automatic;
				CURRENT_PROJECT_VERSION = 1;
				DEFINES_MODULE = YES;
				DEVELOPMENT_TEAM = 5454Z35HY9;
				DYLIB_COMPATIBILITY_VERSION = 1;
				DYLIB_CURRENT_VERSION = 1;
				DYLIB_INSTALL_NAME_BASE = "@rpath";
				GENERATE_INFOPLIST_FILE = YES;
				INFOPLIST_KEY_NSHumanReadableCopyright = "";
				INSTALL_PATH = "$(LOCAL_LIBRARY_DIR)/Frameworks";
				LD_RUNPATH_SEARCH_PATHS = (
					"$(inherited)",
					"@executable_path/Frameworks",
					"@loader_path/Frameworks",
				);
				MARKETING_VERSION = 1.0;
				PRODUCT_BUNDLE_IDENTIFIER = pB.WeatherKit;
				PRODUCT_NAME = "$(TARGET_NAME:c99extidentifier)";
				SKIP_INSTALL = YES;
				SWIFT_EMIT_LOC_STRINGS = YES;
				SWIFT_VERSION = 5.0;
				TARGETED_DEVICE_FAMILY = "1,2";
				VERSIONING_SYSTEM = "apple-generic";
				VERSION_INFO_PREFIX = "";
			};
			name = Debug;
		};
		6E79FFA828DEABA300062A0B /* Release */ = {
			isa = XCBuildConfiguration;
			buildSettings = {
				CODE_SIGN_STYLE = Automatic;
				CURRENT_PROJECT_VERSION = 1;
				DEFINES_MODULE = YES;
				DEVELOPMENT_TEAM = 5454Z35HY9;
				DYLIB_COMPATIBILITY_VERSION = 1;
				DYLIB_CURRENT_VERSION = 1;
				DYLIB_INSTALL_NAME_BASE = "@rpath";
				GENERATE_INFOPLIST_FILE = YES;
				INFOPLIST_KEY_NSHumanReadableCopyright = "";
				INSTALL_PATH = "$(LOCAL_LIBRARY_DIR)/Frameworks";
				LD_RUNPATH_SEARCH_PATHS = (
					"$(inherited)",
					"@executable_path/Frameworks",
					"@loader_path/Frameworks",
				);
				MARKETING_VERSION = 1.0;
				PRODUCT_BUNDLE_IDENTIFIER = pB.WeatherKit;
				PRODUCT_NAME = "$(TARGET_NAME:c99extidentifier)";
				SKIP_INSTALL = YES;
				SWIFT_EMIT_LOC_STRINGS = YES;
				SWIFT_VERSION = 5.0;
				TARGETED_DEVICE_FAMILY = "1,2";
				VERSIONING_SYSTEM = "apple-generic";
				VERSION_INFO_PREFIX = "";
			};
			name = Release;
		};
/* End XCBuildConfiguration section */

/* Begin XCConfigurationList section */
		6E79FF5028D3472E00062A0B /* Build configuration list for PBXProject "Weather" */ = {
			isa = XCConfigurationList;
			buildConfigurations = (
				6E79FF6A28D3472F00062A0B /* Debug */,
				6E79FF6B28D3472F00062A0B /* Release */,
			);
			defaultConfigurationIsVisible = 0;
			defaultConfigurationName = Release;
		};
		6E79FF6C28D3472F00062A0B /* Build configuration list for PBXNativeTarget "Weather" */ = {
			isa = XCConfigurationList;
			buildConfigurations = (
				6E79FF6D28D3472F00062A0B /* Debug */,
				6E79FF6E28D3472F00062A0B /* Release */,
			);
			defaultConfigurationIsVisible = 0;
			defaultConfigurationName = Release;
		};
		6E79FF9528DEAB8600062A0B /* Build configuration list for PBXNativeTarget "WeatherUIKit" */ = {
			isa = XCConfigurationList;
			buildConfigurations = (
				6E79FF9628DEAB8600062A0B /* Debug */,
				6E79FF9728DEAB8600062A0B /* Release */,
			);
			defaultConfigurationIsVisible = 0;
			defaultConfigurationName = Release;
		};
		6E79FFA628DEABA300062A0B /* Build configuration list for PBXNativeTarget "WeatherKit" */ = {
			isa = XCConfigurationList;
			buildConfigurations = (
				6E79FFA728DEABA300062A0B /* Debug */,
				6E79FFA828DEABA300062A0B /* Release */,
			);
			defaultConfigurationIsVisible = 0;
			defaultConfigurationName = Release;
		};
/* End XCConfigurationList section */

/* Begin XCVersionGroup section */
		6E79FF6128D3472E00062A0B /* Weather.xcdatamodeld */ = {
			isa = XCVersionGroup;
			children = (
				6E79FF6228D3472E00062A0B /* Weather.xcdatamodel */,
			);
			currentVersion = 6E79FF6228D3472E00062A0B /* Weather.xcdatamodel */;
			path = Weather.xcdatamodeld;
			sourceTree = "<group>";
			versionGroupType = wrapper.xcdatamodel;
		};
/* End XCVersionGroup section */
	};
	rootObject = 6E79FF4D28D3472E00062A0B /* Project object */;
}
